
Microsoft Visual Studio Solution File, Format Version 12.00
# Visual Studio Version 16
VisualStudioVersion = 16.0.30717.126
MinimumVisualStudioVersion = 10.0.40219.1
Project("{FAE04EC0-301F-11D3-BF4B-00C04F79EFBC}") = "WorkerApp", "WorkerApp\WorkerApp.csproj", "{E10A830B-94E4-43C0-B037-2BEC077B8576}"
EndProject
Global
	GlobalSection(SolutionConfigurationPlatforms) = preSolution
		Debug|Any CPU = Debug|Any CPU
		Release|Any CPU = Release|Any CPU
	EndGlobalSection
	GlobalSection(ProjectConfigurationPlatforms) = postSolution
		{E10A830B-94E4-43C0-B037-2BEC077B8576}.Debug|Any CPU.ActiveCfg = Debug|Any CPU
		{E10A830B-94E4-43C0-B037-2BEC077B8576}.Debug|Any CPU.Build.0 = Debug|Any CPU
		{E10A830B-94E4-43C0-B037-2BEC077B8576}.Release|Any CPU.ActiveCfg = Release|Any CPU
		{E10A830B-94E4-43C0-B037-2BEC077B8576}.Release|Any CPU.Build.0 = Release|Any CPU
	EndGlobalSection
	GlobalSection(SolutionProperties) = preSolution
		HideSolutionNode = FALSE
	EndGlobalSection
	GlobalSection(ExtensibilityGlobals) = postSolution
		SolutionGuid = {160EEA6F-E375-47F8-ADD2-06C6BEFCE47A}
	EndGlobalSection
EndGlobal
